// !$*UTF8*$!
{
	archiveVersion = 1;
	classes = {
	};
	objectVersion = 46;
	objects = {

/* Begin PBXBuildFile section */
		840C940B1EDBC1D10013FA66 /* AppDelegate.swift in Sources */ = {isa = PBXBuildFile; fileRef = 840C940A1EDBC1D10013FA66 /* AppDelegate.swift */; };
		840C940D1EDBC1D10013FA66 /* ViewController.swift in Sources */ = {isa = PBXBuildFile; fileRef = 840C940C1EDBC1D10013FA66 /* ViewController.swift */; };
		840C940F1EDBC1D10013FA66 /* Document.swift in Sources */ = {isa = PBXBuildFile; fileRef = 840C940E1EDBC1D10013FA66 /* Document.swift */; };
		840C94111EDBC1D10013FA66 /* Assets.xcassets in Resources */ = {isa = PBXBuildFile; fileRef = 840C94101EDBC1D10013FA66 /* Assets.xcassets */; };
		840C94141EDBC1D10013FA66 /* Main.storyboard in Resources */ = {isa = PBXBuildFile; fileRef = 840C94121EDBC1D10013FA66 /* Main.storyboard */; };
		840C941F1EDBC1D10013FA66 /* ParseKindleClippingsTests.swift in Sources */ = {isa = PBXBuildFile; fileRef = 840C941E1EDBC1D10013FA66 /* ParseKindleClippingsTests.swift */; };
		840C94301EDBC2580013FA66 /* main.swift in Sources */ = {isa = PBXBuildFile; fileRef = 840C942F1EDBC2580013FA66 /* main.swift */; };
		840C94371EDBF2310013FA66 /* Book.swift in Sources */ = {isa = PBXBuildFile; fileRef = 840C94361EDBF2310013FA66 /* Book.swift */; };
		840C94391EDBF2D00013FA66 /* Mark.swift in Sources */ = {isa = PBXBuildFile; fileRef = 840C94381EDBF2D00013FA66 /* Mark.swift */; };
		840C943B1EDBF2F40013FA66 /* Note.swift in Sources */ = {isa = PBXBuildFile; fileRef = 840C943A1EDBF2F40013FA66 /* Note.swift */; };
		840C943D1EDBF9DD0013FA66 /* KindleClipParser.swift in Sources */ = {isa = PBXBuildFile; fileRef = 840C943C1EDBF9DD0013FA66 /* KindleClipParser.swift */; };
/* End PBXBuildFile section */

/* Begin PBXContainerItemProxy section */
		840C941B1EDBC1D10013FA66 /* PBXContainerItemProxy */ = {
			isa = PBXContainerItemProxy;
			containerPortal = 840C93FF1EDBC1D00013FA66 /* Project object */;
			proxyType = 1;
			remoteGlobalIDString = 840C94061EDBC1D10013FA66;
			remoteInfo = ParseKindleClippings;
		};
/* End PBXContainerItemProxy section */

/* Begin PBXCopyFilesBuildPhase section */
		840C942B1EDBC2580013FA66 /* CopyFiles */ = {
			isa = PBXCopyFilesBuildPhase;
			buildActionMask = 2147483647;
			dstPath = /usr/share/man/man1/;
			dstSubfolderSpec = 0;
			files = (
			);
			runOnlyForDeploymentPostprocessing = 1;
		};
/* End PBXCopyFilesBuildPhase section */

/* Begin PBXFileReference section */
		840C94071EDBC1D10013FA66 /* ParseKindleClippings.app */ = {isa = PBXFileReference; explicitFileType = wrapper.application; includeInIndex = 0; path = ParseKindleClippings.app; sourceTree = BUILT_PRODUCTS_DIR; };
		840C940A1EDBC1D10013FA66 /* AppDelegate.swift */ = {isa = PBXFileReference; lastKnownFileType = sourcecode.swift; path = AppDelegate.swift; sourceTree = "<group>"; };
		840C940C1EDBC1D10013FA66 /* ViewController.swift */ = {isa = PBXFileReference; lastKnownFileType = sourcecode.swift; path = ViewController.swift; sourceTree = "<group>"; };
		840C940E1EDBC1D10013FA66 /* Document.swift */ = {isa = PBXFileReference; lastKnownFileType = sourcecode.swift; path = Document.swift; sourceTree = "<group>"; };
		840C94101EDBC1D10013FA66 /* Assets.xcassets */ = {isa = PBXFileReference; lastKnownFileType = folder.assetcatalog; path = Assets.xcassets; sourceTree = "<group>"; };
		840C94131EDBC1D10013FA66 /* Base */ = {isa = PBXFileReference; lastKnownFileType = file.storyboard; name = Base; path = Base.lproj/Main.storyboard; sourceTree = "<group>"; };
		840C94151EDBC1D10013FA66 /* Info.plist */ = {isa = PBXFileReference; lastKnownFileType = text.plist.xml; path = Info.plist; sourceTree = "<group>"; };
		840C941A1EDBC1D10013FA66 /* ParseKindleClippingsTests.xctest */ = {isa = PBXFileReference; explicitFileType = wrapper.cfbundle; includeInIndex = 0; path = ParseKindleClippingsTests.xctest; sourceTree = BUILT_PRODUCTS_DIR; };
		840C941E1EDBC1D10013FA66 /* ParseKindleClippingsTests.swift */ = {isa = PBXFileReference; lastKnownFileType = sourcecode.swift; path = ParseKindleClippingsTests.swift; sourceTree = "<group>"; };
		840C94201EDBC1D10013FA66 /* Info.plist */ = {isa = PBXFileReference; lastKnownFileType = text.plist.xml; path = Info.plist; sourceTree = "<group>"; };
		840C942D1EDBC2580013FA66 /* ParseKindleClippingsTool */ = {isa = PBXFileReference; explicitFileType = "compiled.mach-o.executable"; includeInIndex = 0; path = ParseKindleClippingsTool; sourceTree = BUILT_PRODUCTS_DIR; };
		840C942F1EDBC2580013FA66 /* main.swift */ = {isa = PBXFileReference; lastKnownFileType = sourcecode.swift; path = main.swift; sourceTree = "<group>"; };
		840C94361EDBF2310013FA66 /* Book.swift */ = {isa = PBXFileReference; fileEncoding = 4; lastKnownFileType = sourcecode.swift; name = Book.swift; path = model/Book.swift; sourceTree = "<group>"; };
		840C94381EDBF2D00013FA66 /* Mark.swift */ = {isa = PBXFileReference; fileEncoding = 4; lastKnownFileType = sourcecode.swift; name = Mark.swift; path = model/Mark.swift; sourceTree = "<group>"; };
		840C943A1EDBF2F40013FA66 /* Note.swift */ = {isa = PBXFileReference; fileEncoding = 4; lastKnownFileType = sourcecode.swift; name = Note.swift; path = model/Note.swift; sourceTree = "<group>"; };
		840C943C1EDBF9DD0013FA66 /* KindleClipParser.swift */ = {isa = PBXFileReference; fileEncoding = 4; lastKnownFileType = sourcecode.swift; path = KindleClipParser.swift; sourceTree = "<group>"; };
/* End PBXFileReference section */

/* Begin PBXFrameworksBuildPhase section */
		840C94041EDBC1D10013FA66 /* Frameworks */ = {
			isa = PBXFrameworksBuildPhase;
			buildActionMask = 2147483647;
			files = (
			);
			runOnlyForDeploymentPostprocessing = 0;
		};
		840C94171EDBC1D10013FA66 /* Frameworks */ = {
			isa = PBXFrameworksBuildPhase;
			buildActionMask = 2147483647;
			files = (
			);
			runOnlyForDeploymentPostprocessing = 0;
		};
		840C942A1EDBC2580013FA66 /* Frameworks */ = {
			isa = PBXFrameworksBuildPhase;
			buildActionMask = 2147483647;
			files = (
			);
			runOnlyForDeploymentPostprocessing = 0;
		};
/* End PBXFrameworksBuildPhase section */

/* Begin PBXGroup section */
		840C93FE1EDBC1D00013FA66 = {
			isa = PBXGroup;
			children = (
				840C94091EDBC1D10013FA66 /* ParseKindleClippings */,
				840C941D1EDBC1D10013FA66 /* ParseKindleClippingsTests */,
				840C942E1EDBC2580013FA66 /* ParseKindleClippingsTool */,
				840C94081EDBC1D10013FA66 /* Products */,
			);
			sourceTree = "<group>";
		};
		840C94081EDBC1D10013FA66 /* Products */ = {
			isa = PBXGroup;
			children = (
				840C94071EDBC1D10013FA66 /* ParseKindleClippings.app */,
				840C941A1EDBC1D10013FA66 /* ParseKindleClippingsTests.xctest */,
				840C942D1EDBC2580013FA66 /* ParseKindleClippingsTool */,
			);
			name = Products;
			sourceTree = "<group>";
		};
		840C94091EDBC1D10013FA66 /* ParseKindleClippings */ = {
			isa = PBXGroup;
			children = (
				840C940A1EDBC1D10013FA66 /* AppDelegate.swift */,
				840C940C1EDBC1D10013FA66 /* ViewController.swift */,
				840C940E1EDBC1D10013FA66 /* Document.swift */,
				840C94101EDBC1D10013FA66 /* Assets.xcassets */,
				840C94121EDBC1D10013FA66 /* Main.storyboard */,
				840C94151EDBC1D10013FA66 /* Info.plist */,
			);
			path = ParseKindleClippings;
			sourceTree = "<group>";
		};
		840C941D1EDBC1D10013FA66 /* ParseKindleClippingsTests */ = {
			isa = PBXGroup;
			children = (
				840C941E1EDBC1D10013FA66 /* ParseKindleClippingsTests.swift */,
				840C94201EDBC1D10013FA66 /* Info.plist */,
			);
			path = ParseKindleClippingsTests;
			sourceTree = "<group>";
		};
		840C942E1EDBC2580013FA66 /* ParseKindleClippingsTool */ = {
			isa = PBXGroup;
			children = (
				840C942F1EDBC2580013FA66 /* main.swift */,
				840C94361EDBF2310013FA66 /* Book.swift */,
				840C94381EDBF2D00013FA66 /* Mark.swift */,
				840C943A1EDBF2F40013FA66 /* Note.swift */,
				840C943C1EDBF9DD0013FA66 /* KindleClipParser.swift */,
			);
			path = ParseKindleClippingsTool;
			sourceTree = "<group>";
		};
/* End PBXGroup section */

/* Begin PBXNativeTarget section */
		840C94061EDBC1D10013FA66 /* ParseKindleClippings */ = {
			isa = PBXNativeTarget;
			buildConfigurationList = 840C94231EDBC1D10013FA66 /* Build configuration list for PBXNativeTarget "ParseKindleClippings" */;
			buildPhases = (
				840C94031EDBC1D10013FA66 /* Sources */,
				840C94041EDBC1D10013FA66 /* Frameworks */,
				840C94051EDBC1D10013FA66 /* Resources */,
			);
			buildRules = (
			);
			dependencies = (
			);
			name = ParseKindleClippings;
			productName = ParseKindleClippings;
			productReference = 840C94071EDBC1D10013FA66 /* ParseKindleClippings.app */;
			productType = "com.apple.product-type.application";
		};
		840C94191EDBC1D10013FA66 /* ParseKindleClippingsTests */ = {
			isa = PBXNativeTarget;
			buildConfigurationList = 840C94261EDBC1D10013FA66 /* Build configuration list for PBXNativeTarget "ParseKindleClippingsTests" */;
			buildPhases = (
				840C94161EDBC1D10013FA66 /* Sources */,
				840C94171EDBC1D10013FA66 /* Frameworks */,
				840C94181EDBC1D10013FA66 /* Resources */,
			);
			buildRules = (
			);
			dependencies = (
				840C941C1EDBC1D10013FA66 /* PBXTargetDependency */,
			);
			name = ParseKindleClippingsTests;
			productName = ParseKindleClippingsTests;
			productReference = 840C941A1EDBC1D10013FA66 /* ParseKindleClippingsTests.xctest */;
			productType = "com.apple.product-type.bundle.unit-test";
		};
		840C942C1EDBC2580013FA66 /* ParseKindleClippingsTool */ = {
			isa = PBXNativeTarget;
			buildConfigurationList = 840C94311EDBC2580013FA66 /* Build configuration list for PBXNativeTarget "ParseKindleClippingsTool" */;
			buildPhases = (
				840C94291EDBC2580013FA66 /* Sources */,
				840C942A1EDBC2580013FA66 /* Frameworks */,
				840C942B1EDBC2580013FA66 /* CopyFiles */,
			);
			buildRules = (
			);
			dependencies = (
			);
			name = ParseKindleClippingsTool;
			productName = ParseKindleClippingsTool;
			productReference = 840C942D1EDBC2580013FA66 /* ParseKindleClippingsTool */;
			productType = "com.apple.product-type.tool";
		};
/* End PBXNativeTarget section */

/* Begin PBXProject section */
		840C93FF1EDBC1D00013FA66 /* Project object */ = {
			isa = PBXProject;
			attributes = {
				LastSwiftUpdateCheck = 0830;
				LastUpgradeCheck = 0830;
				ORGANIZATIONNAME = huoshuguang;
				TargetAttributes = {
					840C94061EDBC1D10013FA66 = {
						CreatedOnToolsVersion = 8.3.2;
						ProvisioningStyle = Automatic;
					};
					840C94191EDBC1D10013FA66 = {
						CreatedOnToolsVersion = 8.3.2;
						ProvisioningStyle = Automatic;
						TestTargetID = 840C94061EDBC1D10013FA66;
					};
					840C942C1EDBC2580013FA66 = {
						CreatedOnToolsVersion = 8.3.2;
						ProvisioningStyle = Automatic;
					};
				};
			};
			buildConfigurationList = 840C94021EDBC1D00013FA66 /* Build configuration list for PBXProject "ParseKindleClippings" */;
			compatibilityVersion = "Xcode 3.2";
			developmentRegion = English;
			hasScannedForEncodings = 0;
			knownRegions = (
				en,
				Base,
			);
			mainGroup = 840C93FE1EDBC1D00013FA66;
			productRefGroup = 840C94081EDBC1D10013FA66 /* Products */;
			projectDirPath = "";
			projectRoot = "";
			targets = (
				840C94061EDBC1D10013FA66 /* ParseKindleClippings */,
				840C94191EDBC1D10013FA66 /* ParseKindleClippingsTests */,
				840C942C1EDBC2580013FA66 /* ParseKindleClippingsTool */,
			);
		};
/* End PBXProject section */

/* Begin PBXResourcesBuildPhase section */
		840C94051EDBC1D10013FA66 /* Resources */ = {
			isa = PBXResourcesBuildPhase;
			buildActionMask = 2147483647;
			files = (
				840C94111EDBC1D10013FA66 /* Assets.xcassets in Resources */,
				840C94141EDBC1D10013FA66 /* Main.storyboard in Resources */,
			);
			runOnlyForDeploymentPostprocessing = 0;
		};
		840C94181EDBC1D10013FA66 /* Resources */ = {
			isa = PBXResourcesBuildPhase;
			buildActionMask = 2147483647;
			files = (
			);
			runOnlyForDeploymentPostprocessing = 0;
		};
/* End PBXResourcesBuildPhase section */

/* Begin PBXSourcesBuildPhase section */
		840C94031EDBC1D10013FA66 /* Sources */ = {
			isa = PBXSourcesBuildPhase;
			buildActionMask = 2147483647;
			files = (
				840C940D1EDBC1D10013FA66 /* ViewController.swift in Sources */,
				840C940B1EDBC1D10013FA66 /* AppDelegate.swift in Sources */,
				840C940F1EDBC1D10013FA66 /* Document.swift in Sources */,
			);
			runOnlyForDeploymentPostprocessing = 0;
		};
		840C94161EDBC1D10013FA66 /* Sources */ = {
			isa = PBXSourcesBuildPhase;
			buildActionMask = 2147483647;
			files = (
				840C941F1EDBC1D10013FA66 /* ParseKindleClippingsTests.swift in Sources */,
			);
			runOnlyForDeploymentPostprocessing = 0;
		};
		840C94291EDBC2580013FA66 /* Sources */ = {
			isa = PBXSourcesBuildPhase;
			buildActionMask = 2147483647;
			files = (
				840C94301EDBC2580013FA66 /* main.swift in Sources */,
				840C94371EDBF2310013FA66 /* Book.swift in Sources */,
				840C94391EDBF2D00013FA66 /* Mark.swift in Sources */,
				840C943D1EDBF9DD0013FA66 /* KindleClipParser.swift in Sources */,
				840C943B1EDBF2F40013FA66 /* Note.swift in Sources */,
			);
			runOnlyForDeploymentPostprocessing = 0;
		};
/* End PBXSourcesBuildPhase section */

/* Begin PBXTargetDependency section */
		840C941C1EDBC1D10013FA66 /* PBXTargetDependency */ = {
			isa = PBXTargetDependency;
			target = 840C94061EDBC1D10013FA66 /* ParseKindleClippings */;
			targetProxy = 840C941B1EDBC1D10013FA66 /* PBXContainerItemProxy */;
		};
/* End PBXTargetDependency section */

/* Begin PBXVariantGroup section */
		840C94121EDBC1D10013FA66 /* Main.storyboard */ = {
			isa = PBXVariantGroup;
			children = (
				840C94131EDBC1D10013FA66 /* Base */,
			);
			name = Main.storyboard;
			sourceTree = "<group>";
		};
/* End PBXVariantGroup section */

/* Begin XCBuildConfiguration section */
		840C94211EDBC1D10013FA66 /* Debug */ = {
			isa = XCBuildConfiguration;
			buildSettings = {
				ALWAYS_SEARCH_USER_PATHS = NO;
				CLANG_ANALYZER_NONNULL = YES;
				CLANG_ANALYZER_NUMBER_OBJECT_CONVERSION = YES_AGGRESSIVE;
				CLANG_CXX_LANGUAGE_STANDARD = "gnu++0x";
				CLANG_CXX_LIBRARY = "libc++";
				CLANG_ENABLE_MODULES = YES;
				CLANG_ENABLE_OBJC_ARC = YES;
				CLANG_WARN_BOOL_CONVERSION = YES;
				CLANG_WARN_CONSTANT_CONVERSION = YES;
				CLANG_WARN_DIRECT_OBJC_ISA_USAGE = YES_ERROR;
				CLANG_WARN_DOCUMENTATION_COMMENTS = YES;
				CLANG_WARN_EMPTY_BODY = YES;
				CLANG_WARN_ENUM_CONVERSION = YES;
				CLANG_WARN_INFINITE_RECURSION = YES;
				CLANG_WARN_INT_CONVERSION = YES;
				CLANG_WARN_OBJC_ROOT_CLASS = YES_ERROR;
				CLANG_WARN_SUSPICIOUS_MOVE = YES;
				CLANG_WARN_UNREACHABLE_CODE = YES;
				CLANG_WARN__DUPLICATE_METHOD_MATCH = YES;
				CODE_SIGN_IDENTITY = "-";
				COPY_PHASE_STRIP = NO;
				DEBUG_INFORMATION_FORMAT = dwarf;
				ENABLE_STRICT_OBJC_MSGSEND = YES;
				ENABLE_TESTABILITY = YES;
				GCC_C_LANGUAGE_STANDARD = gnu99;
				GCC_DYNAMIC_NO_PIC = NO;
				GCC_NO_COMMON_BLOCKS = YES;
				GCC_OPTIMIZATION_LEVEL = 0;
				GCC_PREPROCESSOR_DEFINITIONS = (
					"DEBUG=1",
					"$(inherited)",
				);
				GCC_WARN_64_TO_32_BIT_CONVERSION = YES;
				GCC_WARN_ABOUT_RETURN_TYPE = YES_ERROR;
				GCC_WARN_UNDECLARED_SELECTOR = YES;
				GCC_WARN_UNINITIALIZED_AUTOS = YES_AGGRESSIVE;
				GCC_WARN_UNUSED_FUNCTION = YES;
				GCC_WARN_UNUSED_VARIABLE = YES;
				MACOSX_DEPLOYMENT_TARGET = 10.12;
				MTL_ENABLE_DEBUG_INFO = YES;
				ONLY_ACTIVE_ARCH = YES;
				SDKROOT = macosx;
				SWIFT_ACTIVE_COMPILATION_CONDITIONS = DEBUG;
				SWIFT_OPTIMIZATION_LEVEL = "-Onone";
			};
			name = Debug;
		};
		840C94221EDBC1D10013FA66 /* Release */ = {
			isa = XCBuildConfiguration;
			buildSettings = {
				ALWAYS_SEARCH_USER_PATHS = NO;
				CLANG_ANALYZER_NONNULL = YES;
				CLANG_ANALYZER_NUMBER_OBJECT_CONVERSION = YES_AGGRESSIVE;
				CLANG_CXX_LANGUAGE_STANDARD = "gnu++0x";
				CLANG_CXX_LIBRARY = "libc++";
				CLANG_ENABLE_MODULES = YES;
				CLANG_ENABLE_OBJC_ARC = YES;
				CLANG_WARN_BOOL_CONVERSION = YES;
				CLANG_WARN_CONSTANT_CONVERSION = YES;
				CLANG_WARN_DIRECT_OBJC_ISA_USAGE = YES_ERROR;
				CLANG_WARN_DOCUMENTATION_COMMENTS = YES;
				CLANG_WARN_EMPTY_BODY = YES;
				CLANG_WARN_ENUM_CONVERSION = YES;
				CLANG_WARN_INFINITE_RECURSION = YES;
				CLANG_WARN_INT_CONVERSION = YES;
				CLANG_WARN_OBJC_ROOT_CLASS = YES_ERROR;
				CLANG_WARN_SUSPICIOUS_MOVE = YES;
				CLANG_WARN_UNREACHABLE_CODE = YES;
				CLANG_WARN__DUPLICATE_METHOD_MATCH = YES;
				CODE_SIGN_IDENTITY = "-";
				COPY_PHASE_STRIP = NO;
				DEBUG_INFORMATION_FORMAT = "dwarf-with-dsym";
				ENABLE_NS_ASSERTIONS = NO;
				ENABLE_STRICT_OBJC_MSGSEND = YES;
				GCC_C_LANGUAGE_STANDARD = gnu99;
				GCC_NO_COMMON_BLOCKS = YES;
				GCC_WARN_64_TO_32_BIT_CONVERSION = YES;
				GCC_WARN_ABOUT_RETURN_TYPE = YES_ERROR;
				GCC_WARN_UNDECLARED_SELECTOR = YES;
				GCC_WARN_UNINITIALIZED_AUTOS = YES_AGGRESSIVE;
				GCC_WARN_UNUSED_FUNCTION = YES;
				GCC_WARN_UNUSED_VARIABLE = YES;
				MACOSX_DEPLOYMENT_TARGET = 10.12;
				MTL_ENABLE_DEBUG_INFO = NO;
				SDKROOT = macosx;
				SWIFT_OPTIMIZATION_LEVEL = "-Owholemodule";
			};
			name = Release;
		};
		840C94241EDBC1D10013FA66 /* Debug */ = {
			isa = XCBuildConfiguration;
			buildSettings = {
				ASSETCATALOG_COMPILER_APPICON_NAME = AppIcon;
				COMBINE_HIDPI_IMAGES = YES;
				INFOPLIST_FILE = ParseKindleClippings/Info.plist;
				LD_RUNPATH_SEARCH_PATHS = "$(inherited) @executable_path/../Frameworks";
				PRODUCT_BUNDLE_IDENTIFIER = com.Layer.Animations.ParseKindleClippings;
				PRODUCT_NAME = "$(TARGET_NAME)";
				SWIFT_VERSION = 3.0;
			};
			name = Debug;
		};
		840C94251EDBC1D10013FA66 /* Release */ = {
			isa = XCBuildConfiguration;
			buildSettings = {
				ASSETCATALOG_COMPILER_APPICON_NAME = AppIcon;
				COMBINE_HIDPI_IMAGES = YES;
				INFOPLIST_FILE = ParseKindleClippings/Info.plist;
				LD_RUNPATH_SEARCH_PATHS = "$(inherited) @executable_path/../Frameworks";
				PRODUCT_BUNDLE_IDENTIFIER = com.Layer.Animations.ParseKindleClippings;
				PRODUCT_NAME = "$(TARGET_NAME)";
				SWIFT_VERSION = 3.0;
			};
			name = Release;
		};
		840C94271EDBC1D10013FA66 /* Debug */ = {
			isa = XCBuildConfiguration;
			buildSettings = {
				ALWAYS_EMBED_SWIFT_STANDARD_LIBRARIES = YES;
				BUNDLE_LOADER = "$(TEST_HOST)";
				COMBINE_HIDPI_IMAGES = YES;
				INFOPLIST_FILE = ParseKindleClippingsTests/Info.plist;
				LD_RUNPATH_SEARCH_PATHS = "$(inherited) @executable_path/../Frameworks @loader_path/../Frameworks";
				PRODUCT_BUNDLE_IDENTIFIER = com.Layer.Animations.ParseKindleClippingsTests;
				PRODUCT_NAME = "$(TARGET_NAME)";
				SWIFT_VERSION = 3.0;
				TEST_HOST = "$(BUILT_PRODUCTS_DIR)/ParseKindleClippings.app/Contents/MacOS/ParseKindleClippings";
			};
			name = Debug;
		};
		840C94281EDBC1D10013FA66 /* Release */ = {
			isa = XCBuildConfiguration;
			buildSettings = {
				ALWAYS_EMBED_SWIFT_STANDARD_LIBRARIES = YES;
				BUNDLE_LOADER = "$(TEST_HOST)";
				COMBINE_HIDPI_IMAGES = YES;
				INFOPLIST_FILE = ParseKindleClippingsTests/Info.plist;
				LD_RUNPATH_SEARCH_PATHS = "$(inherited) @executable_path/../Frameworks @loader_path/../Frameworks";
				PRODUCT_BUNDLE_IDENTIFIER = com.Layer.Animations.ParseKindleClippingsTests;
				PRODUCT_NAME = "$(TARGET_NAME)";
				SWIFT_VERSION = 3.0;
				TEST_HOST = "$(BUILT_PRODUCTS_DIR)/ParseKindleClippings.app/Contents/MacOS/ParseKindleClippings";
			};
			name = Release;
		};
		840C94321EDBC2580013FA66 /* Debug */ = {
			isa = XCBuildConfiguration;
			buildSettings = {
				PRODUCT_NAME = "$(TARGET_NAME)";
				SWIFT_VERSION = 3.0;
			};
			name = Debug;
		};
		840C94331EDBC2580013FA66 /* Release */ = {
			isa = XCBuildConfiguration;
			buildSettings = {
				PRODUCT_NAME = "$(TARGET_NAME)";
				SWIFT_VERSION = 3.0;
			};
			name = Release;
		};
/* End XCBuildConfiguration section */

/* Begin XCConfigurationList section */
		840C94021EDBC1D00013FA66 /* Build configuration list for PBXProject "ParseKindleClippings" */ = {
			isa = XCConfigurationList;
			buildConfigurations = (
				840C94211EDBC1D10013FA66 /* Debug */,
				840C94221EDBC1D10013FA66 /* Release */,
			);
			defaultConfigurationIsVisible = 0;
			defaultConfigurationName = Release;
		};
		840C94231EDBC1D10013FA66 /* Build configuration list for PBXNativeTarget "ParseKindleClippings" */ = {
			isa = XCConfigurationList;
			buildConfigurations = (
				840C94241EDBC1D10013FA66 /* Debug */,
				840C94251EDBC1D10013FA66 /* Release */,
			);
			defaultConfigurationIsVisible = 0;
		};
		840C94261EDBC1D10013FA66 /* Build configuration list for PBXNativeTarget "ParseKindleClippingsTests" */ = {
			isa = XCConfigurationList;
			buildConfigurations = (
				840C94271EDBC1D10013FA66 /* Debug */,
				840C94281EDBC1D10013FA66 /* Release */,
			);
			defaultConfigurationIsVisible = 0;
		};
		840C94311EDBC2580013FA66 /* Build configuration list for PBXNativeTarget "ParseKindleClippingsTool" */ = {
			isa = XCConfigurationList;
			buildConfigurations = (
				840C94321EDBC2580013FA66 /* Debug */,
				840C94331EDBC2580013FA66 /* Release */,
			);
			defaultConfigurationIsVisible = 0;
		};
/* End XCConfigurationList section */
	};
	rootObject = 840C93FF1EDBC1D00013FA66 /* Project object */;
}
